
Microsoft Visual Studio Solution File, Format Version 12.00
# Visual Studio 15
Project("{FAE04EC0-301F-11D3-BF4B-00C04F79EFBC}") = "VuforiaScripts", "VuforiaScripts.csproj", "{89F1ECEB-9C86-1143-219F-AE8FE65F733E}"
EndProject
Project("{FAE04EC0-301F-11D3-BF4B-00C04F79EFBC}") = "Assembly-CSharp", "Assembly-CSharp.csproj", "{1608EE17-1308-910F-0968-ABC7715A1EBC}"
EndProject
Project("{FAE04EC0-301F-11D3-BF4B-00C04F79EFBC}") = "Assembly-CSharp-firstpass", "Assembly-CSharp-firstpass.csproj", "{248FC08C-C866-0C2F-947C-0D661A8E76C8}"
EndProject
Project("{FAE04EC0-301F-11D3-BF4B-00C04F79EFBC}") = "VuforiaEditorScripts", "VuforiaEditorScripts.csproj", "{4187108E-AADB-3ECD-1232-8ACB5D1C683F}"
EndProject
Global
	GlobalSection(SolutionConfigurationPlatforms) = preSolution
		Debug|Any CPU = Debug|Any CPU
		Release|Any CPU = Release|Any CPU
	EndGlobalSection
	GlobalSection(ProjectConfigurationPlatforms) = postSolution
		{89F1ECEB-9C86-1143-219F-AE8FE65F733E}.Debug|Any CPU.ActiveCfg = Debug|Any CPU
		{89F1ECEB-9C86-1143-219F-AE8FE65F733E}.Debug|Any CPU.Build.0 = Debug|Any CPU
		{89F1ECEB-9C86-1143-219F-AE8FE65F733E}.Release|Any CPU.ActiveCfg = Release|Any CPU
		{89F1ECEB-9C86-1143-219F-AE8FE65F733E}.Release|Any CPU.Build.0 = Release|Any CPU
		{1608EE17-1308-910F-0968-ABC7715A1EBC}.Debug|Any CPU.ActiveCfg = Debug|Any CPU
		{1608EE17-1308-910F-0968-ABC7715A1EBC}.Debug|Any CPU.Build.0 = Debug|Any CPU
		{1608EE17-1308-910F-0968-ABC7715A1EBC}.Release|Any CPU.ActiveCfg = Release|Any CPU
		{1608EE17-1308-910F-0968-ABC7715A1EBC}.Release|Any CPU.Build.0 = Release|Any CPU
		{248FC08C-C866-0C2F-947C-0D661A8E76C8}.Debug|Any CPU.ActiveCfg = Debug|Any CPU
		{248FC08C-C866-0C2F-947C-0D661A8E76C8}.Debug|Any CPU.Build.0 = Debug|Any CPU
		{248FC08C-C866-0C2F-947C-0D661A8E76C8}.Release|Any CPU.ActiveCfg = Release|Any CPU
		{248FC08C-C866-0C2F-947C-0D661A8E76C8}.Release|Any CPU.Build.0 = Release|Any CPU
		{4187108E-AADB-3ECD-1232-8ACB5D1C683F}.Debug|Any CPU.ActiveCfg = Debug|Any CPU
		{4187108E-AADB-3ECD-1232-8ACB5D1C683F}.Debug|Any CPU.Build.0 = Debug|Any CPU
		{4187108E-AADB-3ECD-1232-8ACB5D1C683F}.Release|Any CPU.ActiveCfg = Release|Any CPU
		{4187108E-AADB-3ECD-1232-8ACB5D1C683F}.Release|Any CPU.Build.0 = Release|Any CPU
	EndGlobalSection
	GlobalSection(SolutionProperties) = preSolution
		HideSolutionNode = FALSE
	EndGlobalSection
EndGlobal
